
Microsoft Visual Studio Solution File, Format Version 12.00
# Visual Studio 15
VisualStudioVersion = 15.0.28307.902
MinimumVisualStudioVersion = 10.0.40219.1
Project("{FAE04EC0-301F-11D3-BF4B-00C04F79EFBC}") = "DAL", "DAL\DAL.csproj", "{F7D03E9B-0F2D-4AD7-8332-45BA2DD41A83}"
EndProject
Project("{FAE04EC0-301F-11D3-BF4B-00C04F79EFBC}") = "BL", "BL\BL.csproj", "{D0DF86C6-A95B-4065-BDDB-C19E4BB2434F}"
EndProject
Project("{FAE04EC0-301F-11D3-BF4B-00C04F79EFBC}") = "API", "API\API.csproj", "{041FB556-8138-45AD-BF02-5781D2762E30}"
EndProject
Project("{FAE04EC0-301F-11D3-BF4B-00C04F79EFBC}") = "DTO", "DTO\DTO.csproj", "{149C5F1E-27BF-4A12-881E-63DC8786D761}"
EndProject
Global
	GlobalSection(SolutionConfigurationPlatforms) = preSolution
		Debug|Any CPU = Debug|Any CPU
		Release|Any CPU = Release|Any CPU
	EndGlobalSection
	GlobalSection(ProjectConfigurationPlatforms) = postSolution
		{F7D03E9B-0F2D-4AD7-8332-45BA2DD41A83}.Debug|Any CPU.ActiveCfg = Debug|Any CPU
		{F7D03E9B-0F2D-4AD7-8332-45BA2DD41A83}.Debug|Any CPU.Build.0 = Debug|Any CPU
		{F7D03E9B-0F2D-4AD7-8332-45BA2DD41A83}.Release|Any CPU.ActiveCfg = Release|Any CPU
		{F7D03E9B-0F2D-4AD7-8332-45BA2DD41A83}.Release|Any CPU.Build.0 = Release|Any CPU
		{D0DF86C6-A95B-4065-BDDB-C19E4BB2434F}.Debug|Any CPU.ActiveCfg = Debug|Any CPU
		{D0DF86C6-A95B-4065-BDDB-C19E4BB2434F}.Debug|Any CPU.Build.0 = Debug|Any CPU
		{D0DF86C6-A95B-4065-BDDB-C19E4BB2434F}.Release|Any CPU.ActiveCfg = Release|Any CPU
		{D0DF86C6-A95B-4065-BDDB-C19E4BB2434F}.Release|Any CPU.Build.0 = Release|Any CPU
		{041FB556-8138-45AD-BF02-5781D2762E30}.Debug|Any CPU.ActiveCfg = Debug|Any CPU
		{041FB556-8138-45AD-BF02-5781D2762E30}.Debug|Any CPU.Build.0 = Debug|Any CPU
		{041FB556-8138-45AD-BF02-5781D2762E30}.Release|Any CPU.ActiveCfg = Release|Any CPU
		{041FB556-8138-45AD-BF02-5781D2762E30}.Release|Any CPU.Build.0 = Release|Any CPU
		{149C5F1E-27BF-4A12-881E-63DC8786D761}.Debug|Any CPU.ActiveCfg = Debug|Any CPU
		{149C5F1E-27BF-4A12-881E-63DC8786D761}.Debug|Any CPU.Build.0 = Debug|Any CPU
		{149C5F1E-27BF-4A12-881E-63DC8786D761}.Release|Any CPU.ActiveCfg = Release|Any CPU
		{149C5F1E-27BF-4A12-881E-63DC8786D761}.Release|Any CPU.Build.0 = Release|Any CPU
	EndGlobalSection
	GlobalSection(SolutionProperties) = preSolution
		HideSolutionNode = FALSE
	EndGlobalSection
	GlobalSection(ExtensibilityGlobals) = postSolution
		SolutionGuid = {505CDC70-0695-4A1A-A120-60DC53684514}
	EndGlobalSection
EndGlobal
